
Microsoft Visual Studio Solution File, Format Version 12.00
# Visual Studio Version 16
VisualStudioVersion = 16.0.31911.196
MinimumVisualStudioVersion = 10.0.40219.1
Project("{FAE04EC0-301F-11D3-BF4B-00C04F79EFBC}") = "ConsoleApp2", "ConsoleApp2.csproj", "{D095C223-534C-4036-9DDB-E9B9D0F67B4E}"
EndProject
Global
	GlobalSection(SolutionConfigurationPlatforms) = preSolution
		Debug|Any CPU = Debug|Any CPU
		Release|Any CPU = Release|Any CPU
	EndGlobalSection
	GlobalSection(ProjectConfigurationPlatforms) = postSolution
		{D095C223-534C-4036-9DDB-E9B9D0F67B4E}.Debug|Any CPU.ActiveCfg = Debug|Any CPU
		{D095C223-534C-4036-9DDB-E9B9D0F67B4E}.Debug|Any CPU.Build.0 = Debug|Any CPU
		{D095C223-534C-4036-9DDB-E9B9D0F67B4E}.Release|Any CPU.ActiveCfg = Release|Any CPU
		{D095C223-534C-4036-9DDB-E9B9D0F67B4E}.Release|Any CPU.Build.0 = Release|Any CPU
	EndGlobalSection
	GlobalSection(SolutionProperties) = preSolution
		HideSolutionNode = FALSE
	EndGlobalSection
	GlobalSection(ExtensibilityGlobals) = postSolution
		SolutionGuid = {42D3CD33-DED6-4F10-85B5-6D06A45C602C}
	EndGlobalSection
EndGlobal
